// !$*UTF8*$!
{
	archiveVersion = 1;
	classes = {
	};
	objectVersion = 50;
	objects = {

/* Begin PBXBuildFile section */
		299C3DF023720CA400BAFE91 /* CityInfoCellTableView.swift in Sources */ = {isa = PBXBuildFile; fileRef = 299C3DEF23720CA400BAFE91 /* CityInfoCellTableView.swift */; };
		299C3DF22372196D00BAFE91 /* ModalViewController.swift in Sources */ = {isa = PBXBuildFile; fileRef = 299C3DF12372196D00BAFE91 /* ModalViewController.swift */; };
		29D644692371EBC100F01AB3 /* AppDelegate.swift in Sources */ = {isa = PBXBuildFile; fileRef = 29D644682371EBC100F01AB3 /* AppDelegate.swift */; };
		29D6446B2371EBC100F01AB3 /* SceneDelegate.swift in Sources */ = {isa = PBXBuildFile; fileRef = 29D6446A2371EBC100F01AB3 /* SceneDelegate.swift */; };
		29D6446D2371EBC100F01AB3 /* MasterViewController.swift in Sources */ = {isa = PBXBuildFile; fileRef = 29D6446C2371EBC100F01AB3 /* MasterViewController.swift */; };
		29D6446F2371EBC100F01AB3 /* DetailViewController.swift in Sources */ = {isa = PBXBuildFile; fileRef = 29D6446E2371EBC100F01AB3 /* DetailViewController.swift */; };
		29D644722371EBC100F01AB3 /* Main.storyboard in Resources */ = {isa = PBXBuildFile; fileRef = 29D644702371EBC100F01AB3 /* Main.storyboard */; };
		29D644742371EBC200F01AB3 /* Assets.xcassets in Resources */ = {isa = PBXBuildFile; fileRef = 29D644732371EBC200F01AB3 /* Assets.xcassets */; };
		29D644772371EBC200F01AB3 /* LaunchScreen.storyboard in Resources */ = {isa = PBXBuildFile; fileRef = 29D644752371EBC200F01AB3 /* LaunchScreen.storyboard */; };
		29D644832371ED2E00F01AB3 /* Structs.swift in Sources */ = {isa = PBXBuildFile; fileRef = 29D644822371ED2E00F01AB3 /* Structs.swift */; };
/* End PBXBuildFile section */

/* Begin PBXFileReference section */
		299C3DEF23720CA400BAFE91 /* CityInfoCellTableView.swift */ = {isa = PBXFileReference; lastKnownFileType = sourcecode.swift; path = CityInfoCellTableView.swift; sourceTree = "<group>"; };
		299C3DF12372196D00BAFE91 /* ModalViewController.swift */ = {isa = PBXFileReference; lastKnownFileType = sourcecode.swift; path = ModalViewController.swift; sourceTree = "<group>"; };
		29D644652371EBC100F01AB3 /* WeatherApp.app */ = {isa = PBXFileReference; explicitFileType = wrapper.application; includeInIndex = 0; path = WeatherApp.app; sourceTree = BUILT_PRODUCTS_DIR; };
		29D644682371EBC100F01AB3 /* AppDelegate.swift */ = {isa = PBXFileReference; lastKnownFileType = sourcecode.swift; path = AppDelegate.swift; sourceTree = "<group>"; };
		29D6446A2371EBC100F01AB3 /* SceneDelegate.swift */ = {isa = PBXFileReference; lastKnownFileType = sourcecode.swift; path = SceneDelegate.swift; sourceTree = "<group>"; };
		29D6446C2371EBC100F01AB3 /* MasterViewController.swift */ = {isa = PBXFileReference; lastKnownFileType = sourcecode.swift; path = MasterViewController.swift; sourceTree = "<group>"; };
		29D6446E2371EBC100F01AB3 /* DetailViewController.swift */ = {isa = PBXFileReference; lastKnownFileType = sourcecode.swift; path = DetailViewController.swift; sourceTree = "<group>"; };
		29D644712371EBC100F01AB3 /* Base */ = {isa = PBXFileReference; lastKnownFileType = file.storyboard; name = Base; path = Base.lproj/Main.storyboard; sourceTree = "<group>"; };
		29D644732371EBC200F01AB3 /* Assets.xcassets */ = {isa = PBXFileReference; lastKnownFileType = folder.assetcatalog; path = Assets.xcassets; sourceTree = "<group>"; };
		29D644762371EBC200F01AB3 /* Base */ = {isa = PBXFileReference; lastKnownFileType = file.storyboard; name = Base; path = Base.lproj/LaunchScreen.storyboard; sourceTree = "<group>"; };
		29D644782371EBC200F01AB3 /* Info.plist */ = {isa = PBXFileReference; lastKnownFileType = text.plist.xml; path = Info.plist; sourceTree = "<group>"; };
		29D644822371ED2E00F01AB3 /* Structs.swift */ = {isa = PBXFileReference; lastKnownFileType = sourcecode.swift; path = Structs.swift; sourceTree = "<group>"; };
/* End PBXFileReference section */

/* Begin PBXFrameworksBuildPhase section */
		29D644622371EBC100F01AB3 /* Frameworks */ = {
			isa = PBXFrameworksBuildPhase;
			buildActionMask = 2147483647;
			files = (
			);
			runOnlyForDeploymentPostprocessing = 0;
		};
/* End PBXFrameworksBuildPhase section */

/* Begin PBXGroup section */
		29D6445C2371EBC100F01AB3 = {
			isa = PBXGroup;
			children = (
				29D644672371EBC100F01AB3 /* WeatherApp */,
				29D644662371EBC100F01AB3 /* Products */,
			);
			sourceTree = "<group>";
		};
		29D644662371EBC100F01AB3 /* Products */ = {
			isa = PBXGroup;
			children = (
				29D644652371EBC100F01AB3 /* WeatherApp.app */,
			);
			name = Products;
			sourceTree = "<group>";
		};
		29D644672371EBC100F01AB3 /* WeatherApp */ = {
			isa = PBXGroup;
			children = (
				29D644682371EBC100F01AB3 /* AppDelegate.swift */,
				29D6446A2371EBC100F01AB3 /* SceneDelegate.swift */,
				29D6446C2371EBC100F01AB3 /* MasterViewController.swift */,
				299C3DF12372196D00BAFE91 /* ModalViewController.swift */,
				29D6446E2371EBC100F01AB3 /* DetailViewController.swift */,
				29D644822371ED2E00F01AB3 /* Structs.swift */,
				29D644702371EBC100F01AB3 /* Main.storyboard */,
				299C3DEF23720CA400BAFE91 /* CityInfoCellTableView.swift */,
				29D644732371EBC200F01AB3 /* Assets.xcassets */,
				29D644752371EBC200F01AB3 /* LaunchScreen.storyboard */,
				29D644782371EBC200F01AB3 /* Info.plist */,
			);
			path = WeatherApp;
			sourceTree = "<group>";
		};
/* End PBXGroup section */

/* Begin PBXNativeTarget section */
		29D644642371EBC100F01AB3 /* WeatherApp */ = {
			isa = PBXNativeTarget;
			buildConfigurationList = 29D6447B2371EBC200F01AB3 /* Build configuration list for PBXNativeTarget "WeatherApp" */;
			buildPhases = (
				29D644612371EBC100F01AB3 /* Sources */,
				29D644622371EBC100F01AB3 /* Frameworks */,
				29D644632371EBC100F01AB3 /* Resources */,
			);
			buildRules = (
			);
			dependencies = (
			);
			name = WeatherApp;
			productName = WeatherApp;
			productReference = 29D644652371EBC100F01AB3 /* WeatherApp.app */;
			productType = "com.apple.product-type.application";
		};
/* End PBXNativeTarget section */

/* Begin PBXProject section */
		29D6445D2371EBC100F01AB3 /* Project object */ = {
			isa = PBXProject;
			attributes = {
				LastSwiftUpdateCheck = 1110;
				LastUpgradeCheck = 1110;
				ORGANIZATIONNAME = "Albert Duz";
				TargetAttributes = {
					29D644642371EBC100F01AB3 = {
						CreatedOnToolsVersion = 11.1;
					};
				};
			};
			buildConfigurationList = 29D644602371EBC100F01AB3 /* Build configuration list for PBXProject "WeatherApp" */;
			compatibilityVersion = "Xcode 9.3";
			developmentRegion = en;
			hasScannedForEncodings = 0;
			knownRegions = (
				en,
				Base,
			);
			mainGroup = 29D6445C2371EBC100F01AB3;
			productRefGroup = 29D644662371EBC100F01AB3 /* Products */;
			projectDirPath = "";
			projectRoot = "";
			targets = (
				29D644642371EBC100F01AB3 /* WeatherApp */,
			);
		};
/* End PBXProject section */

/* Begin PBXResourcesBuildPhase section */
		29D644632371EBC100F01AB3 /* Resources */ = {
			isa = PBXResourcesBuildPhase;
			buildActionMask = 2147483647;
			files = (
				29D644772371EBC200F01AB3 /* LaunchScreen.storyboard in Resources */,
				29D644742371EBC200F01AB3 /* Assets.xcassets in Resources */,
				29D644722371EBC100F01AB3 /* Main.storyboard in Resources */,
			);
			runOnlyForDeploymentPostprocessing = 0;
		};
/* End PBXResourcesBuildPhase section */

/* Begin PBXSourcesBuildPhase section */
		29D644612371EBC100F01AB3 /* Sources */ = {
			isa = PBXSourcesBuildPhase;
			buildActionMask = 2147483647;
			files = (
				29D644692371EBC100F01AB3 /* AppDelegate.swift in Sources */,
				29D6446B2371EBC100F01AB3 /* SceneDelegate.swift in Sources */,
				29D644832371ED2E00F01AB3 /* Structs.swift in Sources */,
				29D6446D2371EBC100F01AB3 /* MasterViewController.swift in Sources */,
				299C3DF023720CA400BAFE91 /* CityInfoCellTableView.swift in Sources */,
				29D6446F2371EBC100F01AB3 /* DetailViewController.swift in Sources */,
				299C3DF22372196D00BAFE91 /* ModalViewController.swift in Sources */,
			);
			runOnlyForDeploymentPostprocessing = 0;
		};
/* End PBXSourcesBuildPhase section */

/* Begin PBXVariantGroup section */
		29D644702371EBC100F01AB3 /* Main.storyboard */ = {
			isa = PBXVariantGroup;
			children = (
				29D644712371EBC100F01AB3 /* Base */,
			);
			name = Main.storyboard;
			sourceTree = "<group>";
		};
		29D644752371EBC200F01AB3 /* LaunchScreen.storyboard */ = {
			isa = PBXVariantGroup;
			children = (
				29D644762371EBC200F01AB3 /* Base */,
			);
			name = LaunchScreen.storyboard;
			sourceTree = "<group>";
		};
/* End PBXVariantGroup section */

/* Begin XCBuildConfiguration section */
		29D644792371EBC200F01AB3 /* Debug */ = {
			isa = XCBuildConfiguration;
			buildSettings = {
				ALWAYS_SEARCH_USER_PATHS = NO;
				CLANG_ANALYZER_NONNULL = YES;
				CLANG_ANALYZER_NUMBER_OBJECT_CONVERSION = YES_AGGRESSIVE;
				CLANG_CXX_LANGUAGE_STANDARD = "gnu++14";
				CLANG_CXX_LIBRARY = "libc++";
				CLANG_ENABLE_MODULES = YES;
				CLANG_ENABLE_OBJC_ARC = YES;
				CLANG_ENABLE_OBJC_WEAK = YES;
				CLANG_WARN_BLOCK_CAPTURE_AUTORELEASING = YES;
				CLANG_WARN_BOOL_CONVERSION = YES;
				CLANG_WARN_COMMA = YES;
				CLANG_WARN_CONSTANT_CONVERSION = YES;
				CLANG_WARN_DEPRECATED_OBJC_IMPLEMENTATIONS = YES;
				CLANG_WARN_DIRECT_OBJC_ISA_USAGE = YES_ERROR;
				CLANG_WARN_DOCUMENTATION_COMMENTS = YES;
				CLANG_WARN_EMPTY_BODY = YES;
				CLANG_WARN_ENUM_CONVERSION = YES;
				CLANG_WARN_INFINITE_RECURSION = YES;
				CLANG_WARN_INT_CONVERSION = YES;
				CLANG_WARN_NON_LITERAL_NULL_CONVERSION = YES;
				CLANG_WARN_OBJC_IMPLICIT_RETAIN_SELF = YES;
				CLANG_WARN_OBJC_LITERAL_CONVERSION = YES;
				CLANG_WARN_OBJC_ROOT_CLASS = YES_ERROR;
				CLANG_WARN_RANGE_LOOP_ANALYSIS = YES;
				CLANG_WARN_STRICT_PROTOTYPES = YES;
				CLANG_WARN_SUSPICIOUS_MOVE = YES;
				CLANG_WARN_UNGUARDED_AVAILABILITY = YES_AGGRESSIVE;
				CLANG_WARN_UNREACHABLE_CODE = YES;
				CLANG_WARN__DUPLICATE_METHOD_MATCH = YES;
				COPY_PHASE_STRIP = NO;
				DEBUG_INFORMATION_FORMAT = dwarf;
				ENABLE_STRICT_OBJC_MSGSEND = YES;
				ENABLE_TESTABILITY = YES;
				GCC_C_LANGUAGE_STANDARD = gnu11;
				GCC_DYNAMIC_NO_PIC = NO;
				GCC_NO_COMMON_BLOCKS = YES;
				GCC_OPTIMIZATION_LEVEL = 0;
				GCC_PREPROCESSOR_DEFINITIONS = (
					"DEBUG=1",
					"$(inherited)",
				);
				GCC_WARN_64_TO_32_BIT_CONVERSION = YES;
				GCC_WARN_ABOUT_RETURN_TYPE = YES_ERROR;
				GCC_WARN_UNDECLARED_SELECTOR = YES;
				GCC_WARN_UNINITIALIZED_AUTOS = YES_AGGRESSIVE;
				GCC_WARN_UNUSED_FUNCTION = YES;
				GCC_WARN_UNUSED_VARIABLE = YES;
				IPHONEOS_DEPLOYMENT_TARGET = 13.1;
				MTL_ENABLE_DEBUG_INFO = INCLUDE_SOURCE;
				MTL_FAST_MATH = YES;
				ONLY_ACTIVE_ARCH = YES;
				SDKROOT = iphoneos;
				SWIFT_ACTIVE_COMPILATION_CONDITIONS = DEBUG;
				SWIFT_OPTIMIZATION_LEVEL = "-Onone";
			};
			name = Debug;
		};
		29D6447A2371EBC200F01AB3 /* Release */ = {
			isa = XCBuildConfiguration;
			buildSettings = {
				ALWAYS_SEARCH_USER_PATHS = NO;
				CLANG_ANALYZER_NONNULL = YES;
				CLANG_ANALYZER_NUMBER_OBJECT_CONVERSION = YES_AGGRESSIVE;
				CLANG_CXX_LANGUAGE_STANDARD = "gnu++14";
				CLANG_CXX_LIBRARY = "libc++";
				CLANG_ENABLE_MODULES = YES;
				CLANG_ENABLE_OBJC_ARC = YES;
				CLANG_ENABLE_OBJC_WEAK = YES;
				CLANG_WARN_BLOCK_CAPTURE_AUTORELEASING = YES;
				CLANG_WARN_BOOL_CONVERSION = YES;
				CLANG_WARN_COMMA = YES;
				CLANG_WARN_CONSTANT_CONVERSION = YES;
				CLANG_WARN_DEPRECATED_OBJC_IMPLEMENTATIONS = YES;
				CLANG_WARN_DIRECT_OBJC_ISA_USAGE = YES_ERROR;
				CLANG_WARN_DOCUMENTATION_COMMENTS = YES;
				CLANG_WARN_EMPTY_BODY = YES;
				CLANG_WARN_ENUM_CONVERSION = YES;
				CLANG_WARN_INFINITE_RECURSION = YES;
				CLANG_WARN_INT_CONVERSION = YES;
				CLANG_WARN_NON_LITERAL_NULL_CONVERSION = YES;
				CLANG_WARN_OBJC_IMPLICIT_RETAIN_SELF = YES;
				CLANG_WARN_OBJC_LITERAL_CONVERSION = YES;
				CLANG_WARN_OBJC_ROOT_CLASS = YES_ERROR;
				CLANG_WARN_RANGE_LOOP_ANALYSIS = YES;
				CLANG_WARN_STRICT_PROTOTYPES = YES;
				CLANG_WARN_SUSPICIOUS_MOVE = YES;
				CLANG_WARN_UNGUARDED_AVAILABILITY = YES_AGGRESSIVE;
				CLANG_WARN_UNREACHABLE_CODE = YES;
				CLANG_WARN__DUPLICATE_METHOD_MATCH = YES;
				COPY_PHASE_STRIP = NO;
				DEBUG_INFORMATION_FORMAT = "dwarf-with-dsym";
				ENABLE_NS_ASSERTIONS = NO;
				ENABLE_STRICT_OBJC_MSGSEND = YES;
				GCC_C_LANGUAGE_STANDARD = gnu11;
				GCC_NO_COMMON_BLOCKS = YES;
				GCC_WARN_64_TO_32_BIT_CONVERSION = YES;
				GCC_WARN_ABOUT_RETURN_TYPE = YES_ERROR;
				GCC_WARN_UNDECLARED_SELECTOR = YES;
				GCC_WARN_UNINITIALIZED_AUTOS = YES_AGGRESSIVE;
				GCC_WARN_UNUSED_FUNCTION = YES;
				GCC_WARN_UNUSED_VARIABLE = YES;
				IPHONEOS_DEPLOYMENT_TARGET = 13.1;
				MTL_ENABLE_DEBUG_INFO = NO;
				MTL_FAST_MATH = YES;
				SDKROOT = iphoneos;
				SWIFT_COMPILATION_MODE = wholemodule;
				SWIFT_OPTIMIZATION_LEVEL = "-O";
				VALIDATE_PRODUCT = YES;
			};
			name = Release;
		};
		29D6447C2371EBC200F01AB3 /* Debug */ = {
			isa = XCBuildConfiguration;
			buildSettings = {
				ASSETCATALOG_COMPILER_APPICON_NAME = AppIcon;
				CODE_SIGN_STYLE = Automatic;
				INFOPLIST_FILE = WeatherApp/Info.plist;
				LD_RUNPATH_SEARCH_PATHS = (
					"$(inherited)",
					"@executable_path/Frameworks",
				);
				PRODUCT_BUNDLE_IDENTIFIER = "Albert-Duz.WeatherApp";
				PRODUCT_NAME = "$(TARGET_NAME)";
				SWIFT_VERSION = 5.0;
				TARGETED_DEVICE_FAMILY = "1,2";
			};
			name = Debug;
		};
		29D6447D2371EBC200F01AB3 /* Release */ = {
			isa = XCBuildConfiguration;
			buildSettings = {
				ASSETCATALOG_COMPILER_APPICON_NAME = AppIcon;
				CODE_SIGN_STYLE = Automatic;
				INFOPLIST_FILE = WeatherApp/Info.plist;
				LD_RUNPATH_SEARCH_PATHS = (
					"$(inherited)",
					"@executable_path/Frameworks",
				);
				PRODUCT_BUNDLE_IDENTIFIER = "Albert-Duz.WeatherApp";
				PRODUCT_NAME = "$(TARGET_NAME)";
				SWIFT_VERSION = 5.0;
				TARGETED_DEVICE_FAMILY = "1,2";
			};
			name = Release;
		};
/* End XCBuildConfiguration section */

/* Begin XCConfigurationList section */
		29D644602371EBC100F01AB3 /* Build configuration list for PBXProject "WeatherApp" */ = {
			isa = XCConfigurationList;
			buildConfigurations = (
				29D644792371EBC200F01AB3 /* Debug */,
				29D6447A2371EBC200F01AB3 /* Release */,
			);
			defaultConfigurationIsVisible = 0;
			defaultConfigurationName = Release;
		};
		29D6447B2371EBC200F01AB3 /* Build configuration list for PBXNativeTarget "WeatherApp" */ = {
			isa = XCConfigurationList;
			buildConfigurations = (
				29D6447C2371EBC200F01AB3 /* Debug */,
				29D6447D2371EBC200F01AB3 /* Release */,
			);
			defaultConfigurationIsVisible = 0;
			defaultConfigurationName = Release;
		};
/* End XCConfigurationList section */
	};
	rootObject = 29D6445D2371EBC100F01AB3 /* Project object */;
}
